
Microsoft Visual Studio Solution File, Format Version 12.00
# Visual Studio Version 16
VisualStudioVersion = 16.0.30621.155
MinimumVisualStudioVersion = 10.0.40219.1
Project("{FAE04EC0-301F-11D3-BF4B-00C04F79EFBC}") = "WebApiJWT", "WebApiJWT.csproj", "{5379D02D-66B5-4562-B8C9-3D8D375B5CF8}"
EndProject
Global
	GlobalSection(SolutionConfigurationPlatforms) = preSolution
		Debug|Any CPU = Debug|Any CPU
		Release|Any CPU = Release|Any CPU
	EndGlobalSection
	GlobalSection(ProjectConfigurationPlatforms) = postSolution
		{5379D02D-66B5-4562-B8C9-3D8D375B5CF8}.Debug|Any CPU.ActiveCfg = Debug|Any CPU
		{5379D02D-66B5-4562-B8C9-3D8D375B5CF8}.Debug|Any CPU.Build.0 = Debug|Any CPU
		{5379D02D-66B5-4562-B8C9-3D8D375B5CF8}.Release|Any CPU.ActiveCfg = Release|Any CPU
		{5379D02D-66B5-4562-B8C9-3D8D375B5CF8}.Release|Any CPU.Build.0 = Release|Any CPU
	EndGlobalSection
	GlobalSection(SolutionProperties) = preSolution
		HideSolutionNode = FALSE
	EndGlobalSection
	GlobalSection(ExtensibilityGlobals) = postSolution
		SolutionGuid = {EE4FB34F-6D11-4DF6-BED1-794768BABD83}
	EndGlobalSection
EndGlobal
